
Microsoft Visual Studio Solution File, Format Version 12.00
# Visual Studio Version 17
VisualStudioVersion = 17.0.31903.59
MinimumVisualStudioVersion = 10.0.40219.1
Project("{FAE04EC0-301F-11D3-BF4B-00C04F79EFBC}") = "distributedDeliveryBackend", "distributedDeliveryBackend\distributedDeliveryBackend.csproj", "{82AEF881-2017-4BEA-9749-9CF2BF3846FB}"
EndProject
Project("{FAE04EC0-301F-11D3-BF4B-00C04F79EFBC}") = "Abstractions", "Abstractions\Abstractions.csproj", "{00DCB2EE-CED5-4543-9C63-492731505780}"
EndProject
Project("{FAE04EC0-301F-11D3-BF4B-00C04F79EFBC}") = "Grains", "Grains\Grains.csproj", "{780AB43C-33B3-4EDA-B2D0-A8A3A4E72E69}"
EndProject
Global
	GlobalSection(SolutionConfigurationPlatforms) = preSolution
		Debug|Any CPU = Debug|Any CPU
		Release|Any CPU = Release|Any CPU
	EndGlobalSection
	GlobalSection(SolutionProperties) = preSolution
		HideSolutionNode = FALSE
	EndGlobalSection
	GlobalSection(ProjectConfigurationPlatforms) = postSolution
		{82AEF881-2017-4BEA-9749-9CF2BF3846FB}.Debug|Any CPU.ActiveCfg = Debug|Any CPU
		{82AEF881-2017-4BEA-9749-9CF2BF3846FB}.Debug|Any CPU.Build.0 = Debug|Any CPU
		{82AEF881-2017-4BEA-9749-9CF2BF3846FB}.Release|Any CPU.ActiveCfg = Release|Any CPU
		{82AEF881-2017-4BEA-9749-9CF2BF3846FB}.Release|Any CPU.Build.0 = Release|Any CPU
		{00DCB2EE-CED5-4543-9C63-492731505780}.Debug|Any CPU.ActiveCfg = Debug|Any CPU
		{00DCB2EE-CED5-4543-9C63-492731505780}.Debug|Any CPU.Build.0 = Debug|Any CPU
		{00DCB2EE-CED5-4543-9C63-492731505780}.Release|Any CPU.ActiveCfg = Release|Any CPU
		{00DCB2EE-CED5-4543-9C63-492731505780}.Release|Any CPU.Build.0 = Release|Any CPU
		{780AB43C-33B3-4EDA-B2D0-A8A3A4E72E69}.Debug|Any CPU.ActiveCfg = Debug|Any CPU
		{780AB43C-33B3-4EDA-B2D0-A8A3A4E72E69}.Debug|Any CPU.Build.0 = Debug|Any CPU
		{780AB43C-33B3-4EDA-B2D0-A8A3A4E72E69}.Release|Any CPU.ActiveCfg = Release|Any CPU
		{780AB43C-33B3-4EDA-B2D0-A8A3A4E72E69}.Release|Any CPU.Build.0 = Release|Any CPU
	EndGlobalSection
EndGlobal
