
Microsoft Visual Studio Solution File, Format Version 12.00
# Visual Studio Version 17
VisualStudioVersion = 17.0.31903.59
MinimumVisualStudioVersion = 10.0.40219.1
Project("{9A19103F-16F7-4668-BE54-9A1E7A4F7556}") = "distributedDeliveryBackend", "distributedDeliveryBackend\distributedDeliveryBackend.csproj", "{82AEF881-2017-4BEA-9749-9CF2BF3846FB}"
EndProject
Project("{9A19103F-16F7-4668-BE54-9A1E7A4F7556}") = "Abstractions", "Abstractions\Abstractions.csproj", "{00DCB2EE-CED5-4543-9C63-492731505780}"
EndProject
Project("{9A19103F-16F7-4668-BE54-9A1E7A4F7556}") = "Grains", "Grains\Grains.csproj", "{780AB43C-33B3-4EDA-B2D0-A8A3A4E72E69}"
EndProject
Project("{9A19103F-16F7-4668-BE54-9A1E7A4F7556}") = "Silo", "Silo\Silo.csproj", "{736EF720-89DB-4313-B185-10273C51CB76}"
EndProject
Project("{9A19103F-16F7-4668-BE54-9A1E7A4F7556}") = "Client", "Client\Client.csproj", "{D78B1C0D-F1F2-4F58-B4B4-3CA013379F19}"
EndProject
Global
	GlobalSection(SolutionConfigurationPlatforms) = preSolution
		Debug|Any CPU = Debug|Any CPU
		Release|Any CPU = Release|Any CPU
	EndGlobalSection
	GlobalSection(ProjectConfigurationPlatforms) = postSolution
		{82AEF881-2017-4BEA-9749-9CF2BF3846FB}.Debug|Any CPU.ActiveCfg = Debug|Any CPU
		{82AEF881-2017-4BEA-9749-9CF2BF3846FB}.Debug|Any CPU.Build.0 = Debug|Any CPU
		{82AEF881-2017-4BEA-9749-9CF2BF3846FB}.Release|Any CPU.ActiveCfg = Release|Any CPU
		{82AEF881-2017-4BEA-9749-9CF2BF3846FB}.Release|Any CPU.Build.0 = Release|Any CPU
		{00DCB2EE-CED5-4543-9C63-492731505780}.Debug|Any CPU.ActiveCfg = Debug|Any CPU
		{00DCB2EE-CED5-4543-9C63-492731505780}.Debug|Any CPU.Build.0 = Debug|Any CPU
		{00DCB2EE-CED5-4543-9C63-492731505780}.Release|Any CPU.ActiveCfg = Release|Any CPU
		{00DCB2EE-CED5-4543-9C63-492731505780}.Release|Any CPU.Build.0 = Release|Any CPU
		{780AB43C-33B3-4EDA-B2D0-A8A3A4E72E69}.Debug|Any CPU.ActiveCfg = Debug|Any CPU
		{780AB43C-33B3-4EDA-B2D0-A8A3A4E72E69}.Debug|Any CPU.Build.0 = Debug|Any CPU
		{780AB43C-33B3-4EDA-B2D0-A8A3A4E72E69}.Release|Any CPU.ActiveCfg = Release|Any CPU
		{780AB43C-33B3-4EDA-B2D0-A8A3A4E72E69}.Release|Any CPU.Build.0 = Release|Any CPU
		{736EF720-89DB-4313-B185-10273C51CB76}.Debug|Any CPU.ActiveCfg = Debug|Any CPU
		{736EF720-89DB-4313-B185-10273C51CB76}.Debug|Any CPU.Build.0 = Debug|Any CPU
		{736EF720-89DB-4313-B185-10273C51CB76}.Release|Any CPU.ActiveCfg = Release|Any CPU
		{736EF720-89DB-4313-B185-10273C51CB76}.Release|Any CPU.Build.0 = Release|Any CPU
		{D78B1C0D-F1F2-4F58-B4B4-3CA013379F19}.Debug|Any CPU.ActiveCfg = Debug|Any CPU
		{D78B1C0D-F1F2-4F58-B4B4-3CA013379F19}.Debug|Any CPU.Build.0 = Debug|Any CPU
		{D78B1C0D-F1F2-4F58-B4B4-3CA013379F19}.Release|Any CPU.ActiveCfg = Release|Any CPU
		{D78B1C0D-F1F2-4F58-B4B4-3CA013379F19}.Release|Any CPU.Build.0 = Release|Any CPU
	EndGlobalSection
	GlobalSection(SolutionProperties) = preSolution
		HideSolutionNode = FALSE
	EndGlobalSection
	GlobalSection(ExtensibilityGlobals) = postSolution
		SolutionGuid = {8FF8C334-9EE2-411F-B9A9-DAD688205098}
	EndGlobalSection
EndGlobal
